// !$*UTF8*$!
{
	archiveVersion = 1;
	classes = {
	};
	objectVersion = 56;
	objects = {

/* Begin PBXBuildFile section */
		72EAD0582CD06BF200EE9C94 /* DemoApp.swift in Sources */ = {isa = PBXBuildFile; fileRef = 72EAD0572CD06BF200EE9C94 /* DemoApp.swift */; };
		72EAD05A2CD06BF200EE9C94 /* ContentView.swift in Sources */ = {isa = PBXBuildFile; fileRef = 72EAD0592CD06BF200EE9C94 /* ContentView.swift */; };
		72EAD05C2CD06BF300EE9C94 /* Assets.xcassets in Resources */ = {isa = PBXBuildFile; fileRef = 72EAD05B2CD06BF300EE9C94 /* Assets.xcassets */; };
		72EAD05F2CD06BF300EE9C94 /* Preview Assets.xcassets in Resources */ = {isa = PBXBuildFile; fileRef = 72EAD05E2CD06BF300EE9C94 /* Preview Assets.xcassets */; };
		72EAD0692CD06BF300EE9C94 /* DemoTests.swift in Sources */ = {isa = PBXBuildFile; fileRef = 72EAD0682CD06BF300EE9C94 /* DemoTests.swift */; };
		72EAD0732CD06BF300EE9C94 /* DemoUITests.swift in Sources */ = {isa = PBXBuildFile; fileRef = 72EAD0722CD06BF300EE9C94 /* DemoUITests.swift */; };
		72EAD0752CD06BF300EE9C94 /* DemoUITestsLaunchTests.swift in Sources */ = {isa = PBXBuildFile; fileRef = 72EAD0742CD06BF300EE9C94 /* DemoUITestsLaunchTests.swift */; };
		72EAD0842CD079F500EE9C94 /* StateView.swift in Sources */ = {isa = PBXBuildFile; fileRef = 72EAD0832CD079F500EE9C94 /* StateView.swift */; };
		72EAD0862CD0852300EE9C94 /* SliderView.swift in Sources */ = {isa = PBXBuildFile; fileRef = 72EAD0852CD0852300EE9C94 /* SliderView.swift */; };
		72EAD0882CD0ED7A00EE9C94 /* ListView.swift in Sources */ = {isa = PBXBuildFile; fileRef = 72EAD0872CD0ED7A00EE9C94 /* ListView.swift */; };
/* End PBXBuildFile section */

/* Begin PBXContainerItemProxy section */
		72EAD0652CD06BF300EE9C94 /* PBXContainerItemProxy */ = {
			isa = PBXContainerItemProxy;
			containerPortal = 72EAD04C2CD06BF200EE9C94 /* Project object */;
			proxyType = 1;
			remoteGlobalIDString = 72EAD0532CD06BF200EE9C94;
			remoteInfo = Demo;
		};
		72EAD06F2CD06BF300EE9C94 /* PBXContainerItemProxy */ = {
			isa = PBXContainerItemProxy;
			containerPortal = 72EAD04C2CD06BF200EE9C94 /* Project object */;
			proxyType = 1;
			remoteGlobalIDString = 72EAD0532CD06BF200EE9C94;
			remoteInfo = Demo;
		};
/* End PBXContainerItemProxy section */

/* Begin PBXFileReference section */
		72EAD0542CD06BF200EE9C94 /* Demo.app */ = {isa = PBXFileReference; explicitFileType = wrapper.application; includeInIndex = 0; path = Demo.app; sourceTree = BUILT_PRODUCTS_DIR; };
		72EAD0572CD06BF200EE9C94 /* DemoApp.swift */ = {isa = PBXFileReference; lastKnownFileType = sourcecode.swift; path = DemoApp.swift; sourceTree = "<group>"; };
		72EAD0592CD06BF200EE9C94 /* ContentView.swift */ = {isa = PBXFileReference; lastKnownFileType = sourcecode.swift; path = ContentView.swift; sourceTree = "<group>"; };
		72EAD05B2CD06BF300EE9C94 /* Assets.xcassets */ = {isa = PBXFileReference; lastKnownFileType = folder.assetcatalog; path = Assets.xcassets; sourceTree = "<group>"; };
		72EAD05E2CD06BF300EE9C94 /* Preview Assets.xcassets */ = {isa = PBXFileReference; lastKnownFileType = folder.assetcatalog; path = "Preview Assets.xcassets"; sourceTree = "<group>"; };
		72EAD0642CD06BF300EE9C94 /* DemoTests.xctest */ = {isa = PBXFileReference; explicitFileType = wrapper.cfbundle; includeInIndex = 0; path = DemoTests.xctest; sourceTree = BUILT_PRODUCTS_DIR; };
		72EAD0682CD06BF300EE9C94 /* DemoTests.swift */ = {isa = PBXFileReference; lastKnownFileType = sourcecode.swift; path = DemoTests.swift; sourceTree = "<group>"; };
		72EAD06E2CD06BF300EE9C94 /* DemoUITests.xctest */ = {isa = PBXFileReference; explicitFileType = wrapper.cfbundle; includeInIndex = 0; path = DemoUITests.xctest; sourceTree = BUILT_PRODUCTS_DIR; };
		72EAD0722CD06BF300EE9C94 /* DemoUITests.swift */ = {isa = PBXFileReference; lastKnownFileType = sourcecode.swift; path = DemoUITests.swift; sourceTree = "<group>"; };
		72EAD0742CD06BF300EE9C94 /* DemoUITestsLaunchTests.swift */ = {isa = PBXFileReference; lastKnownFileType = sourcecode.swift; path = DemoUITestsLaunchTests.swift; sourceTree = "<group>"; };
		72EAD0832CD079F500EE9C94 /* StateView.swift */ = {isa = PBXFileReference; lastKnownFileType = sourcecode.swift; path = StateView.swift; sourceTree = "<group>"; };
		72EAD0852CD0852300EE9C94 /* SliderView.swift */ = {isa = PBXFileReference; lastKnownFileType = sourcecode.swift; path = SliderView.swift; sourceTree = "<group>"; };
		72EAD0872CD0ED7A00EE9C94 /* ListView.swift */ = {isa = PBXFileReference; lastKnownFileType = sourcecode.swift; path = ListView.swift; sourceTree = "<group>"; };
/* End PBXFileReference section */

/* Begin PBXFrameworksBuildPhase section */
		72EAD0512CD06BF200EE9C94 /* Frameworks */ = {
			isa = PBXFrameworksBuildPhase;
			buildActionMask = 2147483647;
			files = (
			);
			runOnlyForDeploymentPostprocessing = 0;
		};
		72EAD0612CD06BF300EE9C94 /* Frameworks */ = {
			isa = PBXFrameworksBuildPhase;
			buildActionMask = 2147483647;
			files = (
			);
			runOnlyForDeploymentPostprocessing = 0;
		};
		72EAD06B2CD06BF300EE9C94 /* Frameworks */ = {
			isa = PBXFrameworksBuildPhase;
			buildActionMask = 2147483647;
			files = (
			);
			runOnlyForDeploymentPostprocessing = 0;
		};
/* End PBXFrameworksBuildPhase section */

/* Begin PBXGroup section */
		72EAD04B2CD06BF200EE9C94 = {
			isa = PBXGroup;
			children = (
				72EAD0562CD06BF200EE9C94 /* Demo */,
				72EAD0672CD06BF300EE9C94 /* DemoTests */,
				72EAD0712CD06BF300EE9C94 /* DemoUITests */,
				72EAD0552CD06BF200EE9C94 /* Products */,
			);
			sourceTree = "<group>";
		};
		72EAD0552CD06BF200EE9C94 /* Products */ = {
			isa = PBXGroup;
			children = (
				72EAD0542CD06BF200EE9C94 /* Demo.app */,
				72EAD0642CD06BF300EE9C94 /* DemoTests.xctest */,
				72EAD06E2CD06BF300EE9C94 /* DemoUITests.xctest */,
			);
			name = Products;
			sourceTree = "<group>";
		};
		72EAD0562CD06BF200EE9C94 /* Demo */ = {
			isa = PBXGroup;
			children = (
				72EAD0572CD06BF200EE9C94 /* DemoApp.swift */,
				72EAD0592CD06BF200EE9C94 /* ContentView.swift */,
				72EAD05B2CD06BF300EE9C94 /* Assets.xcassets */,
				72EAD05D2CD06BF300EE9C94 /* Preview Content */,
				72EAD0832CD079F500EE9C94 /* StateView.swift */,
				72EAD0852CD0852300EE9C94 /* SliderView.swift */,
				72EAD0872CD0ED7A00EE9C94 /* ListView.swift */,
			);
			path = Demo;
			sourceTree = "<group>";
		};
		72EAD05D2CD06BF300EE9C94 /* Preview Content */ = {
			isa = PBXGroup;
			children = (
				72EAD05E2CD06BF300EE9C94 /* Preview Assets.xcassets */,
			);
			path = "Preview Content";
			sourceTree = "<group>";
		};
		72EAD0672CD06BF300EE9C94 /* DemoTests */ = {
			isa = PBXGroup;
			children = (
				72EAD0682CD06BF300EE9C94 /* DemoTests.swift */,
			);
			path = DemoTests;
			sourceTree = "<group>";
		};
		72EAD0712CD06BF300EE9C94 /* DemoUITests */ = {
			isa = PBXGroup;
			children = (
				72EAD0722CD06BF300EE9C94 /* DemoUITests.swift */,
				72EAD0742CD06BF300EE9C94 /* DemoUITestsLaunchTests.swift */,
			);
			path = DemoUITests;
			sourceTree = "<group>";
		};
/* End PBXGroup section */

/* Begin PBXNativeTarget section */
		72EAD0532CD06BF200EE9C94 /* Demo */ = {
			isa = PBXNativeTarget;
			buildConfigurationList = 72EAD0782CD06BF300EE9C94 /* Build configuration list for PBXNativeTarget "Demo" */;
			buildPhases = (
				72EAD0502CD06BF200EE9C94 /* Sources */,
				72EAD0512CD06BF200EE9C94 /* Frameworks */,
				72EAD0522CD06BF200EE9C94 /* Resources */,
			);
			buildRules = (
			);
			dependencies = (
			);
			name = Demo;
			productName = Demo;
			productReference = 72EAD0542CD06BF200EE9C94 /* Demo.app */;
			productType = "com.apple.product-type.application";
		};
		72EAD0632CD06BF300EE9C94 /* DemoTests */ = {
			isa = PBXNativeTarget;
			buildConfigurationList = 72EAD07B2CD06BF300EE9C94 /* Build configuration list for PBXNativeTarget "DemoTests" */;
			buildPhases = (
				72EAD0602CD06BF300EE9C94 /* Sources */,
				72EAD0612CD06BF300EE9C94 /* Frameworks */,
				72EAD0622CD06BF300EE9C94 /* Resources */,
			);
			buildRules = (
			);
			dependencies = (
				72EAD0662CD06BF300EE9C94 /* PBXTargetDependency */,
			);
			name = DemoTests;
			productName = DemoTests;
			productReference = 72EAD0642CD06BF300EE9C94 /* DemoTests.xctest */;
			productType = "com.apple.product-type.bundle.unit-test";
		};
		72EAD06D2CD06BF300EE9C94 /* DemoUITests */ = {
			isa = PBXNativeTarget;
			buildConfigurationList = 72EAD07E2CD06BF300EE9C94 /* Build configuration list for PBXNativeTarget "DemoUITests" */;
			buildPhases = (
				72EAD06A2CD06BF300EE9C94 /* Sources */,
				72EAD06B2CD06BF300EE9C94 /* Frameworks */,
				72EAD06C2CD06BF300EE9C94 /* Resources */,
			);
			buildRules = (
			);
			dependencies = (
				72EAD0702CD06BF300EE9C94 /* PBXTargetDependency */,
			);
			name = DemoUITests;
			productName = DemoUITests;
			productReference = 72EAD06E2CD06BF300EE9C94 /* DemoUITests.xctest */;
			productType = "com.apple.product-type.bundle.ui-testing";
		};
/* End PBXNativeTarget section */

/* Begin PBXProject section */
		72EAD04C2CD06BF200EE9C94 /* Project object */ = {
			isa = PBXProject;
			attributes = {
				BuildIndependentTargetsInParallel = 1;
				LastSwiftUpdateCheck = 1540;
				LastUpgradeCheck = 1540;
				TargetAttributes = {
					72EAD0532CD06BF200EE9C94 = {
						CreatedOnToolsVersion = 15.4;
					};
					72EAD0632CD06BF300EE9C94 = {
						CreatedOnToolsVersion = 15.4;
						TestTargetID = 72EAD0532CD06BF200EE9C94;
					};
					72EAD06D2CD06BF300EE9C94 = {
						CreatedOnToolsVersion = 15.4;
						TestTargetID = 72EAD0532CD06BF200EE9C94;
					};
				};
			};
			buildConfigurationList = 72EAD04F2CD06BF200EE9C94 /* Build configuration list for PBXProject "Demo" */;
			compatibilityVersion = "Xcode 14.0";
			developmentRegion = en;
			hasScannedForEncodings = 0;
			knownRegions = (
				en,
				Base,
			);
			mainGroup = 72EAD04B2CD06BF200EE9C94;
			productRefGroup = 72EAD0552CD06BF200EE9C94 /* Products */;
			projectDirPath = "";
			projectRoot = "";
			targets = (
				72EAD0532CD06BF200EE9C94 /* Demo */,
				72EAD0632CD06BF300EE9C94 /* DemoTests */,
				72EAD06D2CD06BF300EE9C94 /* DemoUITests */,
			);
		};
/* End PBXProject section */

/* Begin PBXResourcesBuildPhase section */
		72EAD0522CD06BF200EE9C94 /* Resources */ = {
			isa = PBXResourcesBuildPhase;
			buildActionMask = 2147483647;
			files = (
				72EAD05F2CD06BF300EE9C94 /* Preview Assets.xcassets in Resources */,
				72EAD05C2CD06BF300EE9C94 /* Assets.xcassets in Resources */,
			);
			runOnlyForDeploymentPostprocessing = 0;
		};
		72EAD0622CD06BF300EE9C94 /* Resources */ = {
			isa = PBXResourcesBuildPhase;
			buildActionMask = 2147483647;
			files = (
			);
			runOnlyForDeploymentPostprocessing = 0;
		};
		72EAD06C2CD06BF300EE9C94 /* Resources */ = {
			isa = PBXResourcesBuildPhase;
			buildActionMask = 2147483647;
			files = (
			);
			runOnlyForDeploymentPostprocessing = 0;
		};
/* End PBXResourcesBuildPhase section */

/* Begin PBXSourcesBuildPhase section */
		72EAD0502CD06BF200EE9C94 /* Sources */ = {
			isa = PBXSourcesBuildPhase;
			buildActionMask = 2147483647;
			files = (
				72EAD0842CD079F500EE9C94 /* StateView.swift in Sources */,
				72EAD0862CD0852300EE9C94 /* SliderView.swift in Sources */,
				72EAD0882CD0ED7A00EE9C94 /* ListView.swift in Sources */,
				72EAD05A2CD06BF200EE9C94 /* ContentView.swift in Sources */,
				72EAD0582CD06BF200EE9C94 /* DemoApp.swift in Sources */,
			);
			runOnlyForDeploymentPostprocessing = 0;
		};
		72EAD0602CD06BF300EE9C94 /* Sources */ = {
			isa = PBXSourcesBuildPhase;
			buildActionMask = 2147483647;
			files = (
				72EAD0692CD06BF300EE9C94 /* DemoTests.swift in Sources */,
			);
			runOnlyForDeploymentPostprocessing = 0;
		};
		72EAD06A2CD06BF300EE9C94 /* Sources */ = {
			isa = PBXSourcesBuildPhase;
			buildActionMask = 2147483647;
			files = (
				72EAD0732CD06BF300EE9C94 /* DemoUITests.swift in Sources */,
				72EAD0752CD06BF300EE9C94 /* DemoUITestsLaunchTests.swift in Sources */,
			);
			runOnlyForDeploymentPostprocessing = 0;
		};
/* End PBXSourcesBuildPhase section */

/* Begin PBXTargetDependency section */
		72EAD0662CD06BF300EE9C94 /* PBXTargetDependency */ = {
			isa = PBXTargetDependency;
			target = 72EAD0532CD06BF200EE9C94 /* Demo */;
			targetProxy = 72EAD0652CD06BF300EE9C94 /* PBXContainerItemProxy */;
		};
		72EAD0702CD06BF300EE9C94 /* PBXTargetDependency */ = {
			isa = PBXTargetDependency;
			target = 72EAD0532CD06BF200EE9C94 /* Demo */;
			targetProxy = 72EAD06F2CD06BF300EE9C94 /* PBXContainerItemProxy */;
		};
/* End PBXTargetDependency section */

/* Begin XCBuildConfiguration section */
		72EAD0762CD06BF300EE9C94 /* Debug */ = {
			isa = XCBuildConfiguration;
			buildSettings = {
				ALWAYS_SEARCH_USER_PATHS = NO;
				ASSETCATALOG_COMPILER_GENERATE_SWIFT_ASSET_SYMBOL_EXTENSIONS = YES;
				CLANG_ANALYZER_NONNULL = YES;
				CLANG_ANALYZER_NUMBER_OBJECT_CONVERSION = YES_AGGRESSIVE;
				CLANG_CXX_LANGUAGE_STANDARD = "gnu++20";
				CLANG_ENABLE_MODULES = YES;
				CLANG_ENABLE_OBJC_ARC = YES;
				CLANG_ENABLE_OBJC_WEAK = YES;
				CLANG_WARN_BLOCK_CAPTURE_AUTORELEASING = YES;
				CLANG_WARN_BOOL_CONVERSION = YES;
				CLANG_WARN_COMMA = YES;
				CLANG_WARN_CONSTANT_CONVERSION = YES;
				CLANG_WARN_DEPRECATED_OBJC_IMPLEMENTATIONS = YES;
				CLANG_WARN_DIRECT_OBJC_ISA_USAGE = YES_ERROR;
				CLANG_WARN_DOCUMENTATION_COMMENTS = YES;
				CLANG_WARN_EMPTY_BODY = YES;
				CLANG_WARN_ENUM_CONVERSION = YES;
				CLANG_WARN_INFINITE_RECURSION = YES;
				CLANG_WARN_INT_CONVERSION = YES;
				CLANG_WARN_NON_LITERAL_NULL_CONVERSION = YES;
				CLANG_WARN_OBJC_IMPLICIT_RETAIN_SELF = YES;
				CLANG_WARN_OBJC_LITERAL_CONVERSION = YES;
				CLANG_WARN_OBJC_ROOT_CLASS = YES_ERROR;
				CLANG_WARN_QUOTED_INCLUDE_IN_FRAMEWORK_HEADER = YES;
				CLANG_WARN_RANGE_LOOP_ANALYSIS = YES;
				CLANG_WARN_STRICT_PROTOTYPES = YES;
				CLANG_WARN_SUSPICIOUS_MOVE = YES;
				CLANG_WARN_UNGUARDED_AVAILABILITY = YES_AGGRESSIVE;
				CLANG_WARN_UNREACHABLE_CODE = YES;
				CLANG_WARN__DUPLICATE_METHOD_MATCH = YES;
				COPY_PHASE_STRIP = NO;
				DEBUG_INFORMATION_FORMAT = dwarf;
				ENABLE_STRICT_OBJC_MSGSEND = YES;
				ENABLE_TESTABILITY = YES;
				ENABLE_USER_SCRIPT_SANDBOXING = YES;
				GCC_C_LANGUAGE_STANDARD = gnu17;
				GCC_DYNAMIC_NO_PIC = NO;
				GCC_NO_COMMON_BLOCKS = YES;
				GCC_OPTIMIZATION_LEVEL = 0;
				GCC_PREPROCESSOR_DEFINITIONS = (
					"DEBUG=1",
					"$(inherited)",
				);
				GCC_WARN_64_TO_32_BIT_CONVERSION = YES;
				GCC_WARN_ABOUT_RETURN_TYPE = YES_ERROR;
				GCC_WARN_UNDECLARED_SELECTOR = YES;
				GCC_WARN_UNINITIALIZED_AUTOS = YES_AGGRESSIVE;
				GCC_WARN_UNUSED_FUNCTION = YES;
				GCC_WARN_UNUSED_VARIABLE = YES;
				IPHONEOS_DEPLOYMENT_TARGET = 17.5;
				LOCALIZATION_PREFERS_STRING_CATALOGS = YES;
				MTL_ENABLE_DEBUG_INFO = INCLUDE_SOURCE;
				MTL_FAST_MATH = YES;
				ONLY_ACTIVE_ARCH = YES;
				SDKROOT = iphoneos;
				SWIFT_ACTIVE_COMPILATION_CONDITIONS = "DEBUG $(inherited)";
				SWIFT_OPTIMIZATION_LEVEL = "-Onone";
			};
			name = Debug;
		};
		72EAD0772CD06BF300EE9C94 /* Release */ = {
			isa = XCBuildConfiguration;
			buildSettings = {
				ALWAYS_SEARCH_USER_PATHS = NO;
				ASSETCATALOG_COMPILER_GENERATE_SWIFT_ASSET_SYMBOL_EXTENSIONS = YES;
				CLANG_ANALYZER_NONNULL = YES;
				CLANG_ANALYZER_NUMBER_OBJECT_CONVERSION = YES_AGGRESSIVE;
				CLANG_CXX_LANGUAGE_STANDARD = "gnu++20";
				CLANG_ENABLE_MODULES = YES;
				CLANG_ENABLE_OBJC_ARC = YES;
				CLANG_ENABLE_OBJC_WEAK = YES;
				CLANG_WARN_BLOCK_CAPTURE_AUTORELEASING = YES;
				CLANG_WARN_BOOL_CONVERSION = YES;
				CLANG_WARN_COMMA = YES;
				CLANG_WARN_CONSTANT_CONVERSION = YES;
				CLANG_WARN_DEPRECATED_OBJC_IMPLEMENTATIONS = YES;
				CLANG_WARN_DIRECT_OBJC_ISA_USAGE = YES_ERROR;
				CLANG_WARN_DOCUMENTATION_COMMENTS = YES;
				CLANG_WARN_EMPTY_BODY = YES;
				CLANG_WARN_ENUM_CONVERSION = YES;
				CLANG_WARN_INFINITE_RECURSION = YES;
				CLANG_WARN_INT_CONVERSION = YES;
				CLANG_WARN_NON_LITERAL_NULL_CONVERSION = YES;
				CLANG_WARN_OBJC_IMPLICIT_RETAIN_SELF = YES;
				CLANG_WARN_OBJC_LITERAL_CONVERSION = YES;
				CLANG_WARN_OBJC_ROOT_CLASS = YES_ERROR;
				CLANG_WARN_QUOTED_INCLUDE_IN_FRAMEWORK_HEADER = YES;
				CLANG_WARN_RANGE_LOOP_ANALYSIS = YES;
				CLANG_WARN_STRICT_PROTOTYPES = YES;
				CLANG_WARN_SUSPICIOUS_MOVE = YES;
				CLANG_WARN_UNGUARDED_AVAILABILITY = YES_AGGRESSIVE;
				CLANG_WARN_UNREACHABLE_CODE = YES;
				CLANG_WARN__DUPLICATE_METHOD_MATCH = YES;
				COPY_PHASE_STRIP = NO;
				DEBUG_INFORMATION_FORMAT = "dwarf-with-dsym";
				ENABLE_NS_ASSERTIONS = NO;
				ENABLE_STRICT_OBJC_MSGSEND = YES;
				ENABLE_USER_SCRIPT_SANDBOXING = YES;
				GCC_C_LANGUAGE_STANDARD = gnu17;
				GCC_NO_COMMON_BLOCKS = YES;
				GCC_WARN_64_TO_32_BIT_CONVERSION = YES;
				GCC_WARN_ABOUT_RETURN_TYPE = YES_ERROR;
				GCC_WARN_UNDECLARED_SELECTOR = YES;
				GCC_WARN_UNINITIALIZED_AUTOS = YES_AGGRESSIVE;
				GCC_WARN_UNUSED_FUNCTION = YES;
				GCC_WARN_UNUSED_VARIABLE = YES;
				IPHONEOS_DEPLOYMENT_TARGET = 17.5;
				LOCALIZATION_PREFERS_STRING_CATALOGS = YES;
				MTL_ENABLE_DEBUG_INFO = NO;
				MTL_FAST_MATH = YES;
				SDKROOT = iphoneos;
				SWIFT_COMPILATION_MODE = wholemodule;
				VALIDATE_PRODUCT = YES;
			};
			name = Release;
		};
		72EAD0792CD06BF300EE9C94 /* Debug */ = {
			isa = XCBuildConfiguration;
			buildSettings = {
				ASSETCATALOG_COMPILER_APPICON_NAME = AppIcon;
				ASSETCATALOG_COMPILER_GLOBAL_ACCENT_COLOR_NAME = AccentColor;
				CODE_SIGN_STYLE = Automatic;
				CURRENT_PROJECT_VERSION = 1;
				DEVELOPMENT_ASSET_PATHS = "\"Demo/Preview Content\"";
				ENABLE_PREVIEWS = YES;
				GENERATE_INFOPLIST_FILE = YES;
				INFOPLIST_KEY_UIApplicationSceneManifest_Generation = YES;
				INFOPLIST_KEY_UIApplicationSupportsIndirectInputEvents = YES;
				INFOPLIST_KEY_UILaunchScreen_Generation = YES;
				INFOPLIST_KEY_UISupportedInterfaceOrientations_iPad = "UIInterfaceOrientationPortrait UIInterfaceOrientationPortraitUpsideDown UIInterfaceOrientationLandscapeLeft UIInterfaceOrientationLandscapeRight";
				INFOPLIST_KEY_UISupportedInterfaceOrientations_iPhone = "UIInterfaceOrientationPortrait UIInterfaceOrientationLandscapeLeft UIInterfaceOrientationLandscapeRight";
				LD_RUNPATH_SEARCH_PATHS = (
					"$(inherited)",
					"@executable_path/Frameworks",
				);
				MARKETING_VERSION = 1.0;
				PRODUCT_BUNDLE_IDENTIFIER = switf.Demo;
				PRODUCT_NAME = "$(TARGET_NAME)";
				SWIFT_EMIT_LOC_STRINGS = YES;
				SWIFT_VERSION = 5.0;
				TARGETED_DEVICE_FAMILY = "1,2";
			};
			name = Debug;
		};
		72EAD07A2CD06BF300EE9C94 /* Release */ = {
			isa = XCBuildConfiguration;
			buildSettings = {
				ASSETCATALOG_COMPILER_APPICON_NAME = AppIcon;
				ASSETCATALOG_COMPILER_GLOBAL_ACCENT_COLOR_NAME = AccentColor;
				CODE_SIGN_STYLE = Automatic;
				CURRENT_PROJECT_VERSION = 1;
				DEVELOPMENT_ASSET_PATHS = "\"Demo/Preview Content\"";
				ENABLE_PREVIEWS = YES;
				GENERATE_INFOPLIST_FILE = YES;
				INFOPLIST_KEY_UIApplicationSceneManifest_Generation = YES;
				INFOPLIST_KEY_UIApplicationSupportsIndirectInputEvents = YES;
				INFOPLIST_KEY_UILaunchScreen_Generation = YES;
				INFOPLIST_KEY_UISupportedInterfaceOrientations_iPad = "UIInterfaceOrientationPortrait UIInterfaceOrientationPortraitUpsideDown UIInterfaceOrientationLandscapeLeft UIInterfaceOrientationLandscapeRight";
				INFOPLIST_KEY_UISupportedInterfaceOrientations_iPhone = "UIInterfaceOrientationPortrait UIInterfaceOrientationLandscapeLeft UIInterfaceOrientationLandscapeRight";
				LD_RUNPATH_SEARCH_PATHS = (
					"$(inherited)",
					"@executable_path/Frameworks",
				);
				MARKETING_VERSION = 1.0;
				PRODUCT_BUNDLE_IDENTIFIER = switf.Demo;
				PRODUCT_NAME = "$(TARGET_NAME)";
				SWIFT_EMIT_LOC_STRINGS = YES;
				SWIFT_VERSION = 5.0;
				TARGETED_DEVICE_FAMILY = "1,2";
			};
			name = Release;
		};
		72EAD07C2CD06BF300EE9C94 /* Debug */ = {
			isa = XCBuildConfiguration;
			buildSettings = {
				ALWAYS_EMBED_SWIFT_STANDARD_LIBRARIES = YES;
				BUNDLE_LOADER = "$(TEST_HOST)";
				CODE_SIGN_STYLE = Automatic;
				CURRENT_PROJECT_VERSION = 1;
				GENERATE_INFOPLIST_FILE = YES;
				IPHONEOS_DEPLOYMENT_TARGET = 17.5;
				MARKETING_VERSION = 1.0;
				PRODUCT_BUNDLE_IDENTIFIER = switf.DemoTests;
				PRODUCT_NAME = "$(TARGET_NAME)";
				SWIFT_EMIT_LOC_STRINGS = NO;
				SWIFT_VERSION = 5.0;
				TARGETED_DEVICE_FAMILY = "1,2";
				TEST_HOST = "$(BUILT_PRODUCTS_DIR)/Demo.app/$(BUNDLE_EXECUTABLE_FOLDER_PATH)/Demo";
			};
			name = Debug;
		};
		72EAD07D2CD06BF300EE9C94 /* Release */ = {
			isa = XCBuildConfiguration;
			buildSettings = {
				ALWAYS_EMBED_SWIFT_STANDARD_LIBRARIES = YES;
				BUNDLE_LOADER = "$(TEST_HOST)";
				CODE_SIGN_STYLE = Automatic;
				CURRENT_PROJECT_VERSION = 1;
				GENERATE_INFOPLIST_FILE = YES;
				IPHONEOS_DEPLOYMENT_TARGET = 17.5;
				MARKETING_VERSION = 1.0;
				PRODUCT_BUNDLE_IDENTIFIER = switf.DemoTests;
				PRODUCT_NAME = "$(TARGET_NAME)";
				SWIFT_EMIT_LOC_STRINGS = NO;
				SWIFT_VERSION = 5.0;
				TARGETED_DEVICE_FAMILY = "1,2";
				TEST_HOST = "$(BUILT_PRODUCTS_DIR)/Demo.app/$(BUNDLE_EXECUTABLE_FOLDER_PATH)/Demo";
			};
			name = Release;
		};
		72EAD07F2CD06BF300EE9C94 /* Debug */ = {
			isa = XCBuildConfiguration;
			buildSettings = {
				ALWAYS_EMBED_SWIFT_STANDARD_LIBRARIES = YES;
				CODE_SIGN_STYLE = Automatic;
				CURRENT_PROJECT_VERSION = 1;
				GENERATE_INFOPLIST_FILE = YES;
				MARKETING_VERSION = 1.0;
				PRODUCT_BUNDLE_IDENTIFIER = switf.DemoUITests;
				PRODUCT_NAME = "$(TARGET_NAME)";
				SWIFT_EMIT_LOC_STRINGS = NO;
				SWIFT_VERSION = 5.0;
				TARGETED_DEVICE_FAMILY = "1,2";
				TEST_TARGET_NAME = Demo;
			};
			name = Debug;
		};
		72EAD0802CD06BF300EE9C94 /* Release */ = {
			isa = XCBuildConfiguration;
			buildSettings = {
				ALWAYS_EMBED_SWIFT_STANDARD_LIBRARIES = YES;
				CODE_SIGN_STYLE = Automatic;
				CURRENT_PROJECT_VERSION = 1;
				GENERATE_INFOPLIST_FILE = YES;
				MARKETING_VERSION = 1.0;
				PRODUCT_BUNDLE_IDENTIFIER = switf.DemoUITests;
				PRODUCT_NAME = "$(TARGET_NAME)";
				SWIFT_EMIT_LOC_STRINGS = NO;
				SWIFT_VERSION = 5.0;
				TARGETED_DEVICE_FAMILY = "1,2";
				TEST_TARGET_NAME = Demo;
			};
			name = Release;
		};
/* End XCBuildConfiguration section */

/* Begin XCConfigurationList section */
		72EAD04F2CD06BF200EE9C94 /* Build configuration list for PBXProject "Demo" */ = {
			isa = XCConfigurationList;
			buildConfigurations = (
				72EAD0762CD06BF300EE9C94 /* Debug */,
				72EAD0772CD06BF300EE9C94 /* Release */,
			);
			defaultConfigurationIsVisible = 0;
			defaultConfigurationName = Release;
		};
		72EAD0782CD06BF300EE9C94 /* Build configuration list for PBXNativeTarget "Demo" */ = {
			isa = XCConfigurationList;
			buildConfigurations = (
				72EAD0792CD06BF300EE9C94 /* Debug */,
				72EAD07A2CD06BF300EE9C94 /* Release */,
			);
			defaultConfigurationIsVisible = 0;
			defaultConfigurationName = Release;
		};
		72EAD07B2CD06BF300EE9C94 /* Build configuration list for PBXNativeTarget "DemoTests" */ = {
			isa = XCConfigurationList;
			buildConfigurations = (
				72EAD07C2CD06BF300EE9C94 /* Debug */,
				72EAD07D2CD06BF300EE9C94 /* Release */,
			);
			defaultConfigurationIsVisible = 0;
			defaultConfigurationName = Release;
		};
		72EAD07E2CD06BF300EE9C94 /* Build configuration list for PBXNativeTarget "DemoUITests" */ = {
			isa = XCConfigurationList;
			buildConfigurations = (
				72EAD07F2CD06BF300EE9C94 /* Debug */,
				72EAD0802CD06BF300EE9C94 /* Release */,
			);
			defaultConfigurationIsVisible = 0;
			defaultConfigurationName = Release;
		};
/* End XCConfigurationList section */
	};
	rootObject = 72EAD04C2CD06BF200EE9C94 /* Project object */;
}
